// !$*UTF8*$!
{
	archiveVersion = 1;
	classes = {
	};
	objectVersion = 50;
	objects = {

/* Begin PBXBuildFile section */
		76D350B5E55A8C30798C4B93 /* libPods-ASCIIWWDC.a in Frameworks */ = {isa = PBXBuildFile; fileRef = 5D9C82E92361BFD422D2F0CC /* libPods-ASCIIWWDC.a */; };
		BB6DA71920AC8CA800747820 /* AppDelegate.m in Sources */ = {isa = PBXBuildFile; fileRef = BB6DA71820AC8CA800747820 /* AppDelegate.m */; };
		BB6DA71C20AC8CA800747820 /* ViewController.m in Sources */ = {isa = PBXBuildFile; fileRef = BB6DA71B20AC8CA800747820 /* ViewController.m */; };
		BB6DA71F20AC8CA800747820 /* Main.storyboard in Resources */ = {isa = PBXBuildFile; fileRef = BB6DA71D20AC8CA800747820 /* Main.storyboard */; };
		BB6DA72120AC8CA900747820 /* Assets.xcassets in Resources */ = {isa = PBXBuildFile; fileRef = BB6DA72020AC8CA900747820 /* Assets.xcassets */; };
		BB6DA72420AC8CA900747820 /* LaunchScreen.storyboard in Resources */ = {isa = PBXBuildFile; fileRef = BB6DA72220AC8CA900747820 /* LaunchScreen.storyboard */; };
		BB6DA72720AC8CA900747820 /* main.m in Sources */ = {isa = PBXBuildFile; fileRef = BB6DA72620AC8CA900747820 /* main.m */; };
/* End PBXBuildFile section */

/* Begin PBXFileReference section */
		3231660A62584FEE6CCBE6B1 /* Pods-ASCIIWWDC.release.xcconfig */ = {isa = PBXFileReference; includeInIndex = 1; lastKnownFileType = text.xcconfig; name = "Pods-ASCIIWWDC.release.xcconfig"; path = "Pods/Target Support Files/Pods-ASCIIWWDC/Pods-ASCIIWWDC.release.xcconfig"; sourceTree = "<group>"; };
		5D9C82E92361BFD422D2F0CC /* libPods-ASCIIWWDC.a */ = {isa = PBXFileReference; explicitFileType = archive.ar; includeInIndex = 0; path = "libPods-ASCIIWWDC.a"; sourceTree = BUILT_PRODUCTS_DIR; };
		973B1752149A4DEA5103B234 /* Pods-ASCIIWWDC.debug.xcconfig */ = {isa = PBXFileReference; includeInIndex = 1; lastKnownFileType = text.xcconfig; name = "Pods-ASCIIWWDC.debug.xcconfig"; path = "Pods/Target Support Files/Pods-ASCIIWWDC/Pods-ASCIIWWDC.debug.xcconfig"; sourceTree = "<group>"; };
		BB6DA71420AC8CA800747820 /* ASCIIWWDC.app */ = {isa = PBXFileReference; explicitFileType = wrapper.application; includeInIndex = 0; path = ASCIIWWDC.app; sourceTree = BUILT_PRODUCTS_DIR; };
		BB6DA71720AC8CA800747820 /* AppDelegate.h */ = {isa = PBXFileReference; lastKnownFileType = sourcecode.c.h; path = AppDelegate.h; sourceTree = "<group>"; };
		BB6DA71820AC8CA800747820 /* AppDelegate.m */ = {isa = PBXFileReference; lastKnownFileType = sourcecode.c.objc; path = AppDelegate.m; sourceTree = "<group>"; };
		BB6DA71A20AC8CA800747820 /* ViewController.h */ = {isa = PBXFileReference; lastKnownFileType = sourcecode.c.h; path = ViewController.h; sourceTree = "<group>"; };
		BB6DA71B20AC8CA800747820 /* ViewController.m */ = {isa = PBXFileReference; lastKnownFileType = sourcecode.c.objc; path = ViewController.m; sourceTree = "<group>"; };
		BB6DA71E20AC8CA800747820 /* Base */ = {isa = PBXFileReference; lastKnownFileType = file.storyboard; name = Base; path = Base.lproj/Main.storyboard; sourceTree = "<group>"; };
		BB6DA72020AC8CA900747820 /* Assets.xcassets */ = {isa = PBXFileReference; lastKnownFileType = folder.assetcatalog; path = Assets.xcassets; sourceTree = "<group>"; };
		BB6DA72320AC8CA900747820 /* Base */ = {isa = PBXFileReference; lastKnownFileType = file.storyboard; name = Base; path = Base.lproj/LaunchScreen.storyboard; sourceTree = "<group>"; };
		BB6DA72520AC8CA900747820 /* Info.plist */ = {isa = PBXFileReference; lastKnownFileType = text.plist.xml; path = Info.plist; sourceTree = "<group>"; };
		BB6DA72620AC8CA900747820 /* main.m */ = {isa = PBXFileReference; lastKnownFileType = sourcecode.c.objc; path = main.m; sourceTree = "<group>"; };
/* End PBXFileReference section */

/* Begin PBXFrameworksBuildPhase section */
		BB6DA71120AC8CA800747820 /* Frameworks */ = {
			isa = PBXFrameworksBuildPhase;
			buildActionMask = 2147483647;
			files = (
				76D350B5E55A8C30798C4B93 /* libPods-ASCIIWWDC.a in Frameworks */,
			);
			runOnlyForDeploymentPostprocessing = 0;
		};
/* End PBXFrameworksBuildPhase section */

/* Begin PBXGroup section */
		5E50E7453F4E2C0BD75661B6 /* Pods */ = {
			isa = PBXGroup;
			children = (
				973B1752149A4DEA5103B234 /* Pods-ASCIIWWDC.debug.xcconfig */,
				3231660A62584FEE6CCBE6B1 /* Pods-ASCIIWWDC.release.xcconfig */,
			);
			name = Pods;
			sourceTree = "<group>";
		};
		705B966EF967721E8FC27BAC /* Frameworks */ = {
			isa = PBXGroup;
			children = (
				5D9C82E92361BFD422D2F0CC /* libPods-ASCIIWWDC.a */,
			);
			name = Frameworks;
			sourceTree = "<group>";
		};
		BB6DA70B20AC8CA800747820 = {
			isa = PBXGroup;
			children = (
				BB6DA71620AC8CA800747820 /* ASCIIWWDC */,
				BB6DA71520AC8CA800747820 /* Products */,
				5E50E7453F4E2C0BD75661B6 /* Pods */,
				705B966EF967721E8FC27BAC /* Frameworks */,
			);
			sourceTree = "<group>";
		};
		BB6DA71520AC8CA800747820 /* Products */ = {
			isa = PBXGroup;
			children = (
				BB6DA71420AC8CA800747820 /* ASCIIWWDC.app */,
			);
			name = Products;
			sourceTree = "<group>";
		};
		BB6DA71620AC8CA800747820 /* ASCIIWWDC */ = {
			isa = PBXGroup;
			children = (
				BB6DA71720AC8CA800747820 /* AppDelegate.h */,
				BB6DA71820AC8CA800747820 /* AppDelegate.m */,
				BB6DA71A20AC8CA800747820 /* ViewController.h */,
				BB6DA71B20AC8CA800747820 /* ViewController.m */,
				BB6DA71D20AC8CA800747820 /* Main.storyboard */,
				BB6DA72020AC8CA900747820 /* Assets.xcassets */,
				BB6DA72220AC8CA900747820 /* LaunchScreen.storyboard */,
				BB6DA72520AC8CA900747820 /* Info.plist */,
				BB6DA72620AC8CA900747820 /* main.m */,
			);
			path = ASCIIWWDC;
			sourceTree = "<group>";
		};
/* End PBXGroup section */

/* Begin PBXNativeTarget section */
		BB6DA71320AC8CA800747820 /* ASCIIWWDC */ = {
			isa = PBXNativeTarget;
			buildConfigurationList = BB6DA72A20AC8CA900747820 /* Build configuration list for PBXNativeTarget "ASCIIWWDC" */;
			buildPhases = (
				C361C8422C70A600775E5245 /* [CP] Check Pods Manifest.lock */,
				BB6DA71020AC8CA800747820 /* Sources */,
				BB6DA71120AC8CA800747820 /* Frameworks */,
				BB6DA71220AC8CA800747820 /* Resources */,
				E055F0A2A1647F2337896758 /* [CP] Embed Pods Frameworks */,
				58F014CB0E2F57881DDBAA56 /* [CP] Copy Pods Resources */,
			);
			buildRules = (
			);
			dependencies = (
			);
			name = ASCIIWWDC;
			productName = ASCIIWWDC;
			productReference = BB6DA71420AC8CA800747820 /* ASCIIWWDC.app */;
			productType = "com.apple.product-type.application";
		};
/* End PBXNativeTarget section */

/* Begin PBXProject section */
		BB6DA70C20AC8CA800747820 /* Project object */ = {
			isa = PBXProject;
			attributes = {
				LastUpgradeCheck = 0930;
				ORGANIZATIONNAME = "Wang Zewei";
				TargetAttributes = {
					BB6DA71320AC8CA800747820 = {
						CreatedOnToolsVersion = 9.3;
					};
				};
			};
			buildConfigurationList = BB6DA70F20AC8CA800747820 /* Build configuration list for PBXProject "ASCIIWWDC" */;
			compatibilityVersion = "Xcode 9.3";
			developmentRegion = en;
			hasScannedForEncodings = 0;
			knownRegions = (
				en,
				Base,
			);
			mainGroup = BB6DA70B20AC8CA800747820;
			productRefGroup = BB6DA71520AC8CA800747820 /* Products */;
			projectDirPath = "";
			projectRoot = "";
			targets = (
				BB6DA71320AC8CA800747820 /* ASCIIWWDC */,
			);
		};
/* End PBXProject section */

/* Begin PBXResourcesBuildPhase section */
		BB6DA71220AC8CA800747820 /* Resources */ = {
			isa = PBXResourcesBuildPhase;
			buildActionMask = 2147483647;
			files = (
				BB6DA72420AC8CA900747820 /* LaunchScreen.storyboard in Resources */,
				BB6DA72120AC8CA900747820 /* Assets.xcassets in Resources */,
				BB6DA71F20AC8CA800747820 /* Main.storyboard in Resources */,
			);
			runOnlyForDeploymentPostprocessing = 0;
		};
/* End PBXResourcesBuildPhase section */

/* Begin PBXShellScriptBuildPhase section */
		58F014CB0E2F57881DDBAA56 /* [CP] Copy Pods Resources */ = {
			isa = PBXShellScriptBuildPhase;
			buildActionMask = 2147483647;
			files = (
			);
			inputPaths = (
			);
			name = "[CP] Copy Pods Resources";
			outputPaths = (
			);
			runOnlyForDeploymentPostprocessing = 0;
			shellPath = /bin/sh;
			shellScript = "\"${SRCROOT}/Pods/Target Support Files/Pods-ASCIIWWDC/Pods-ASCIIWWDC-resources.sh\"\n";
			showEnvVarsInLog = 0;
		};
		C361C8422C70A600775E5245 /* [CP] Check Pods Manifest.lock */ = {
			isa = PBXShellScriptBuildPhase;
			buildActionMask = 2147483647;
			files = (
			);
			inputPaths = (
				"${PODS_PODFILE_DIR_PATH}/Podfile.lock",
				"${PODS_ROOT}/Manifest.lock",
			);
			name = "[CP] Check Pods Manifest.lock";
			outputPaths = (
				"$(DERIVED_FILE_DIR)/Pods-ASCIIWWDC-checkManifestLockResult.txt",
			);
			runOnlyForDeploymentPostprocessing = 0;
			shellPath = /bin/sh;
			shellScript = "diff \"${PODS_PODFILE_DIR_PATH}/Podfile.lock\" \"${PODS_ROOT}/Manifest.lock\" > /dev/null\nif [ $? != 0 ] ; then\n    # print error to STDERR\n    echo \"error: The sandbox is not in sync with the Podfile.lock. Run 'pod install' or update your CocoaPods installation.\" >&2\n    exit 1\nfi\n# This output is used by Xcode 'outputs' to avoid re-running this script phase.\necho \"SUCCESS\" > \"${SCRIPT_OUTPUT_FILE_0}\"\n";
			showEnvVarsInLog = 0;
		};
		E055F0A2A1647F2337896758 /* [CP] Embed Pods Frameworks */ = {
			isa = PBXShellScriptBuildPhase;
			buildActionMask = 2147483647;
			files = (
			);
			inputPaths = (
			);
			name = "[CP] Embed Pods Frameworks";
			outputPaths = (
			);
			runOnlyForDeploymentPostprocessing = 0;
			shellPath = /bin/sh;
			shellScript = "\"${SRCROOT}/Pods/Target Support Files/Pods-ASCIIWWDC/Pods-ASCIIWWDC-frameworks.sh\"\n";
			showEnvVarsInLog = 0;
		};
/* End PBXShellScriptBuildPhase section */

/* Begin PBXSourcesBuildPhase section */
		BB6DA71020AC8CA800747820 /* Sources */ = {
			isa = PBXSourcesBuildPhase;
			buildActionMask = 2147483647;
			files = (
				BB6DA71C20AC8CA800747820 /* ViewController.m in Sources */,
				BB6DA72720AC8CA900747820 /* main.m in Sources */,
				BB6DA71920AC8CA800747820 /* AppDelegate.m in Sources */,
			);
			runOnlyForDeploymentPostprocessing = 0;
		};
/* End PBXSourcesBuildPhase section */

/* Begin PBXVariantGroup section */
		BB6DA71D20AC8CA800747820 /* Main.storyboard */ = {
			isa = PBXVariantGroup;
			children = (
				BB6DA71E20AC8CA800747820 /* Base */,
			);
			name = Main.storyboard;
			sourceTree = "<group>";
		};
		BB6DA72220AC8CA900747820 /* LaunchScreen.storyboard */ = {
			isa = PBXVariantGroup;
			children = (
				BB6DA72320AC8CA900747820 /* Base */,
			);
			name = LaunchScreen.storyboard;
			sourceTree = "<group>";
		};
/* End PBXVariantGroup section */

/* Begin XCBuildConfiguration section */
		BB6DA72820AC8CA900747820 /* Debug */ = {
			isa = XCBuildConfiguration;
			buildSettings = {
				ALWAYS_SEARCH_USER_PATHS = NO;
				CLANG_ANALYZER_NONNULL = YES;
				CLANG_ANALYZER_NUMBER_OBJECT_CONVERSION = YES_AGGRESSIVE;
				CLANG_CXX_LANGUAGE_STANDARD = "gnu++14";
				CLANG_CXX_LIBRARY = "libc++";
				CLANG_ENABLE_MODULES = YES;
				CLANG_ENABLE_OBJC_ARC = YES;
				CLANG_ENABLE_OBJC_WEAK = YES;
				CLANG_WARN_BLOCK_CAPTURE_AUTORELEASING = YES;
				CLANG_WARN_BOOL_CONVERSION = YES;
				CLANG_WARN_COMMA = YES;
				CLANG_WARN_CONSTANT_CONVERSION = YES;
				CLANG_WARN_DEPRECATED_OBJC_IMPLEMENTATIONS = YES;
				CLANG_WARN_DIRECT_OBJC_ISA_USAGE = YES_ERROR;
				CLANG_WARN_DOCUMENTATION_COMMENTS = YES;
				CLANG_WARN_EMPTY_BODY = YES;
				CLANG_WARN_ENUM_CONVERSION = YES;
				CLANG_WARN_INFINITE_RECURSION = YES;
				CLANG_WARN_INT_CONVERSION = YES;
				CLANG_WARN_NON_LITERAL_NULL_CONVERSION = YES;
				CLANG_WARN_OBJC_IMPLICIT_RETAIN_SELF = YES;
				CLANG_WARN_OBJC_LITERAL_CONVERSION = YES;
				CLANG_WARN_OBJC_ROOT_CLASS = YES_ERROR;
				CLANG_WARN_RANGE_LOOP_ANALYSIS = YES;
				CLANG_WARN_STRICT_PROTOTYPES = YES;
				CLANG_WARN_SUSPICIOUS_MOVE = YES;
				CLANG_WARN_UNGUARDED_AVAILABILITY = YES_AGGRESSIVE;
				CLANG_WARN_UNREACHABLE_CODE = YES;
				CLANG_WARN__DUPLICATE_METHOD_MATCH = YES;
				CODE_SIGN_IDENTITY = "iPhone Developer";
				COPY_PHASE_STRIP = NO;
				DEBUG_INFORMATION_FORMAT = dwarf;
				ENABLE_STRICT_OBJC_MSGSEND = YES;
				ENABLE_TESTABILITY = YES;
				GCC_C_LANGUAGE_STANDARD = gnu11;
				GCC_DYNAMIC_NO_PIC = NO;
				GCC_NO_COMMON_BLOCKS = YES;
				GCC_OPTIMIZATION_LEVEL = 0;
				GCC_PREPROCESSOR_DEFINITIONS = (
					"DEBUG=1",
					"$(inherited)",
				);
				GCC_WARN_64_TO_32_BIT_CONVERSION = YES;
				GCC_WARN_ABOUT_RETURN_TYPE = YES_ERROR;
				GCC_WARN_UNDECLARED_SELECTOR = YES;
				GCC_WARN_UNINITIALIZED_AUTOS = YES_AGGRESSIVE;
				GCC_WARN_UNUSED_FUNCTION = YES;
				GCC_WARN_UNUSED_VARIABLE = YES;
				IPHONEOS_DEPLOYMENT_TARGET = 11.3;
				MTL_ENABLE_DEBUG_INFO = YES;
				ONLY_ACTIVE_ARCH = YES;
				SDKROOT = iphoneos;
			};
			name = Debug;
		};
		BB6DA72920AC8CA900747820 /* Release */ = {
			isa = XCBuildConfiguration;
			buildSettings = {
				ALWAYS_SEARCH_USER_PATHS = NO;
				CLANG_ANALYZER_NONNULL = YES;
				CLANG_ANALYZER_NUMBER_OBJECT_CONVERSION = YES_AGGRESSIVE;
				CLANG_CXX_LANGUAGE_STANDARD = "gnu++14";
				CLANG_CXX_LIBRARY = "libc++";
				CLANG_ENABLE_MODULES = YES;
				CLANG_ENABLE_OBJC_ARC = YES;
				CLANG_ENABLE_OBJC_WEAK = YES;
				CLANG_WARN_BLOCK_CAPTURE_AUTORELEASING = YES;
				CLANG_WARN_BOOL_CONVERSION = YES;
				CLANG_WARN_COMMA = YES;
				CLANG_WARN_CONSTANT_CONVERSION = YES;
				CLANG_WARN_DEPRECATED_OBJC_IMPLEMENTATIONS = YES;
				CLANG_WARN_DIRECT_OBJC_ISA_USAGE = YES_ERROR;
				CLANG_WARN_DOCUMENTATION_COMMENTS = YES;
				CLANG_WARN_EMPTY_BODY = YES;
				CLANG_WARN_ENUM_CONVERSION = YES;
				CLANG_WARN_INFINITE_RECURSION = YES;
				CLANG_WARN_INT_CONVERSION = YES;
				CLANG_WARN_NON_LITERAL_NULL_CONVERSION = YES;
				CLANG_WARN_OBJC_IMPLICIT_RETAIN_SELF = YES;
				CLANG_WARN_OBJC_LITERAL_CONVERSION = YES;
				CLANG_WARN_OBJC_ROOT_CLASS = YES_ERROR;
				CLANG_WARN_RANGE_LOOP_ANALYSIS = YES;
				CLANG_WARN_STRICT_PROTOTYPES = YES;
				CLANG_WARN_SUSPICIOUS_MOVE = YES;
				CLANG_WARN_UNGUARDED_AVAILABILITY = YES_AGGRESSIVE;
				CLANG_WARN_UNREACHABLE_CODE = YES;
				CLANG_WARN__DUPLICATE_METHOD_MATCH = YES;
				CODE_SIGN_IDENTITY = "iPhone Developer";
				COPY_PHASE_STRIP = NO;
				DEBUG_INFORMATION_FORMAT = "dwarf-with-dsym";
				ENABLE_NS_ASSERTIONS = NO;
				ENABLE_STRICT_OBJC_MSGSEND = YES;
				GCC_C_LANGUAGE_STANDARD = gnu11;
				GCC_NO_COMMON_BLOCKS = YES;
				GCC_WARN_64_TO_32_BIT_CONVERSION = YES;
				GCC_WARN_ABOUT_RETURN_TYPE = YES_ERROR;
				GCC_WARN_UNDECLARED_SELECTOR = YES;
				GCC_WARN_UNINITIALIZED_AUTOS = YES_AGGRESSIVE;
				GCC_WARN_UNUSED_FUNCTION = YES;
				GCC_WARN_UNUSED_VARIABLE = YES;
				IPHONEOS_DEPLOYMENT_TARGET = 11.3;
				MTL_ENABLE_DEBUG_INFO = NO;
				SDKROOT = iphoneos;
				VALIDATE_PRODUCT = YES;
			};
			name = Release;
		};
		BB6DA72B20AC8CA900747820 /* Debug */ = {
			isa = XCBuildConfiguration;
			baseConfigurationReference = 973B1752149A4DEA5103B234 /* Pods-ASCIIWWDC.debug.xcconfig */;
			buildSettings = {
				ASSETCATALOG_COMPILER_APPICON_NAME = AppIcon;
				CODE_SIGN_STYLE = Automatic;
				DEVELOPMENT_TEAM = 97RJ92JQE4;
				INFOPLIST_FILE = ASCIIWWDC/Info.plist;
				LD_RUNPATH_SEARCH_PATHS = "$(inherited) @executable_path/Frameworks";
				PRODUCT_BUNDLE_IDENTIFIER = com.tamarous.ASCIIWWDC;
				PRODUCT_NAME = "$(TARGET_NAME)";
				TARGETED_DEVICE_FAMILY = "1,2";
			};
			name = Debug;
		};
		BB6DA72C20AC8CA900747820 /* Release */ = {
			isa = XCBuildConfiguration;
			baseConfigurationReference = 3231660A62584FEE6CCBE6B1 /* Pods-ASCIIWWDC.release.xcconfig */;
			buildSettings = {
				ASSETCATALOG_COMPILER_APPICON_NAME = AppIcon;
				CODE_SIGN_STYLE = Automatic;
				DEVELOPMENT_TEAM = 97RJ92JQE4;
				INFOPLIST_FILE = ASCIIWWDC/Info.plist;
				LD_RUNPATH_SEARCH_PATHS = "$(inherited) @executable_path/Frameworks";
				PRODUCT_BUNDLE_IDENTIFIER = com.tamarous.ASCIIWWDC;
				PRODUCT_NAME = "$(TARGET_NAME)";
				TARGETED_DEVICE_FAMILY = "1,2";
			};
			name = Release;
		};
/* End XCBuildConfiguration section */

/* Begin XCConfigurationList section */
		BB6DA70F20AC8CA800747820 /* Build configuration list for PBXProject "ASCIIWWDC" */ = {
			isa = XCConfigurationList;
			buildConfigurations = (
				BB6DA72820AC8CA900747820 /* Debug */,
				BB6DA72920AC8CA900747820 /* Release */,
			);
			defaultConfigurationIsVisible = 0;
			defaultConfigurationName = Release;
		};
		BB6DA72A20AC8CA900747820 /* Build configuration list for PBXNativeTarget "ASCIIWWDC" */ = {
			isa = XCConfigurationList;
			buildConfigurations = (
				BB6DA72B20AC8CA900747820 /* Debug */,
				BB6DA72C20AC8CA900747820 /* Release */,
			);
			defaultConfigurationIsVisible = 0;
			defaultConfigurationName = Release;
		};
/* End XCConfigurationList section */
	};
	rootObject = BB6DA70C20AC8CA800747820 /* Project object */;
}
